
Microsoft Visual Studio Solution File, Format Version 12.00
# Visual Studio Version 17
VisualStudioVersion = 17.0.32112.339
MinimumVisualStudioVersion = 10.0.40219.1
Project("{FAE04EC0-301F-11D3-BF4B-00C04F79EFBC}") = "HelloWorld", "HelloWorld.csproj", "{5881366B-1E82-4027-9E6C-12514BB450D1}"
EndProject
Global
	GlobalSection(SolutionConfigurationPlatforms) = preSolution
		Debug|Any CPU = Debug|Any CPU
		Release|Any CPU = Release|Any CPU
	EndGlobalSection
	GlobalSection(ProjectConfigurationPlatforms) = postSolution
		{5881366B-1E82-4027-9E6C-12514BB450D1}.Debug|Any CPU.ActiveCfg = Debug|Any CPU
		{5881366B-1E82-4027-9E6C-12514BB450D1}.Debug|Any CPU.Build.0 = Debug|Any CPU
		{5881366B-1E82-4027-9E6C-12514BB450D1}.Release|Any CPU.ActiveCfg = Release|Any CPU
		{5881366B-1E82-4027-9E6C-12514BB450D1}.Release|Any CPU.Build.0 = Release|Any CPU
	EndGlobalSection
	GlobalSection(SolutionProperties) = preSolution
		HideSolutionNode = FALSE
	EndGlobalSection
	GlobalSection(ExtensibilityGlobals) = postSolution
		SolutionGuid = {9F8AF9EC-83C6-4069-A263-048D9999644E}
	EndGlobalSection
EndGlobal
