
Microsoft Visual Studio Solution File, Format Version 12.00
# Visual Studio Version 17
VisualStudioVersion = 17.1.32228.430
MinimumVisualStudioVersion = 10.0.40219.1
Project("{FAE04EC0-301F-11D3-BF4B-00C04F79EFBC}") = "Harjoitustyö - Lohikäärme", "Harjoitustyö - Lohikäärme.csproj", "{B8D988D5-2226-4002-9D42-4CDE189B7EBB}"
EndProject
Global
	GlobalSection(SolutionConfigurationPlatforms) = preSolution
		Debug|Any CPU = Debug|Any CPU
		Release|Any CPU = Release|Any CPU
	EndGlobalSection
	GlobalSection(ProjectConfigurationPlatforms) = postSolution
		{B8D988D5-2226-4002-9D42-4CDE189B7EBB}.Debug|Any CPU.ActiveCfg = Debug|Any CPU
		{B8D988D5-2226-4002-9D42-4CDE189B7EBB}.Debug|Any CPU.Build.0 = Debug|Any CPU
		{B8D988D5-2226-4002-9D42-4CDE189B7EBB}.Release|Any CPU.ActiveCfg = Release|Any CPU
		{B8D988D5-2226-4002-9D42-4CDE189B7EBB}.Release|Any CPU.Build.0 = Release|Any CPU
	EndGlobalSection
	GlobalSection(SolutionProperties) = preSolution
		HideSolutionNode = FALSE
	EndGlobalSection
	GlobalSection(ExtensibilityGlobals) = postSolution
		SolutionGuid = {4C318702-77C6-4FDF-A147-4551811435F5}
	EndGlobalSection
EndGlobal
