
Microsoft Visual Studio Solution File, Format Version 12.00
# Visual Studio Version 17
VisualStudioVersion = 17.0.32112.339
MinimumVisualStudioVersion = 10.0.40219.1
Project("{FAE04EC0-301F-11D3-BF4B-00C04F79EFBC}") = "Valtakuntien Herruus", "Valtakuntien Herruus\Valtakuntien Herruus.csproj", "{584E79F0-EDF0-477B-99FC-42A6473A02EC}"
EndProject
Global
	GlobalSection(SolutionConfigurationPlatforms) = preSolution
		Debug|Any CPU = Debug|Any CPU
		Release|Any CPU = Release|Any CPU
	EndGlobalSection
	GlobalSection(ProjectConfigurationPlatforms) = postSolution
		{584E79F0-EDF0-477B-99FC-42A6473A02EC}.Debug|Any CPU.ActiveCfg = Debug|Any CPU
		{584E79F0-EDF0-477B-99FC-42A6473A02EC}.Debug|Any CPU.Build.0 = Debug|Any CPU
		{584E79F0-EDF0-477B-99FC-42A6473A02EC}.Release|Any CPU.ActiveCfg = Release|Any CPU
		{584E79F0-EDF0-477B-99FC-42A6473A02EC}.Release|Any CPU.Build.0 = Release|Any CPU
	EndGlobalSection
	GlobalSection(SolutionProperties) = preSolution
		HideSolutionNode = FALSE
	EndGlobalSection
	GlobalSection(ExtensibilityGlobals) = postSolution
		SolutionGuid = {43B98346-5BC9-4A36-92B6-4543592F4546}
	EndGlobalSection
EndGlobal
